{
  "requires": true,
  "lockfileVersion": 1,
  "dependencies": {
    "core-js": {
      "version": "3.6.5",
      "resolved": "https://registry.npm.taobao.org/core-js/download/core-js-3.6.5.tgz",
      "integrity": "sha1-c5XcJzrzf7LlDpvT2f6EEoUjHRo="
    },
    "echarts": {
      "version": "4.8.0",
      "resolved": "https://registry.npm.taobao.org/echarts/download/echarts-4.8.0.tgz",
      "integrity": "sha1-ssHPuSKbE9No7hBPyO6mALV01MQ=",
      "requires": {
        "zrender": "4.3.1"
      }
    },
    "lodash": {
      "version": "4.17.15",
      "resolved": "https://registry.npm.taobao.org/lodash/download/lodash-4.17.15.tgz",
      "integrity": "sha1-tEf2ZwoEVbv+7dETku/zMOoJdUg="
    },
    "resize-detector": {
      "version": "0.1.10",
      "resolved": "https://registry.npm.taobao.org/resize-detector/download/resize-detector-0.1.10.tgz",
      "integrity": "sha1-HaP5YapfkUzLz9N1LVL9Rb7raSw="
    },
    "vue-echarts": {
      "version": "5.0.0-beta.0",
      "resolved": "https://registry.npm.taobao.org/vue-echarts/download/vue-echarts-5.0.0-beta.0.tgz",
      "integrity": "sha1-Q43UsPxczqKBcJwffGMhsFNSvfQ=",
      "requires": {
        "core-js": "^3.4.4",
        "lodash": "^4.17.15",
        "resize-detector": "^0.1.10"
      }
    },
    "zrender": {
      "version": "4.3.1",
      "resolved": "https://registry.npm.taobao.org/zrender/download/zrender-4.3.1.tgz?cache=0&sync_timestamp=1588758718490&other_urls=https%3A%2F%2Fregistry.npm.taobao.org%2Fzrender%2Fdownload%2Fzrender-4.3.1.tgz",
      "integrity": "sha1-uviqbcgYei+BlpLX1fm+36K5D6M="
    }
  }
}
